
Microsoft Visual Studio Solution File, Format Version 12.00
# Visual Studio Version 17
VisualStudioVersion = 17.12.35514.174 d17.12
MinimumVisualStudioVersion = 10.0.40219.1
Project("{FAE04EC0-301F-11D3-BF4B-00C04F79EFBC}") = "ej", "ej\ej.csproj", "{E7D8513C-5F20-4244-90A5-82B2ACA5256D}"
EndProject
Global
	GlobalSection(SolutionConfigurationPlatforms) = preSolution
		Debug|Any CPU = Debug|Any CPU
		Release|Any CPU = Release|Any CPU
	EndGlobalSection
	GlobalSection(ProjectConfigurationPlatforms) = postSolution
		{E7D8513C-5F20-4244-90A5-82B2ACA5256D}.Debug|Any CPU.ActiveCfg = Debug|Any CPU
		{E7D8513C-5F20-4244-90A5-82B2ACA5256D}.Debug|Any CPU.Build.0 = Debug|Any CPU
		{E7D8513C-5F20-4244-90A5-82B2ACA5256D}.Release|Any CPU.ActiveCfg = Release|Any CPU
		{E7D8513C-5F20-4244-90A5-82B2ACA5256D}.Release|Any CPU.Build.0 = Release|Any CPU
	EndGlobalSection
	GlobalSection(SolutionProperties) = preSolution
		HideSolutionNode = FALSE
	EndGlobalSection
EndGlobal
